
Microsoft Visual Studio Solution File, Format Version 12.00
# Visual Studio Version 17
VisualStudioVersion = 17.9.34622.214
MinimumVisualStudioVersion = 10.0.40219.1
Project("{FAE04EC0-301F-11D3-BF4B-00C04F79EFBC}") = "TutorialDemonstrator", "TutorialDemonstrator.csproj", "{391E575F-6C20-45C3-BE5A-5EEAC94BCAD5}"
EndProject
Project("{FAE04EC0-301F-11D3-BF4B-00C04F79EFBC}") = "CalculatorLibrary", "..\CalculatorLibrary\CalculatorLibrary.csproj", "{6D09B66A-D491-4D52-8EE5-5CCFEC0A1248}"
EndProject
Global
	GlobalSection(SolutionConfigurationPlatforms) = preSolution
		Debug|Any CPU = Debug|Any CPU
		Release|Any CPU = Release|Any CPU
	EndGlobalSection
	GlobalSection(ProjectConfigurationPlatforms) = postSolution
		{391E575F-6C20-45C3-BE5A-5EEAC94BCAD5}.Debug|Any CPU.ActiveCfg = Debug|Any CPU
		{391E575F-6C20-45C3-BE5A-5EEAC94BCAD5}.Debug|Any CPU.Build.0 = Debug|Any CPU
		{391E575F-6C20-45C3-BE5A-5EEAC94BCAD5}.Release|Any CPU.ActiveCfg = Release|Any CPU
		{391E575F-6C20-45C3-BE5A-5EEAC94BCAD5}.Release|Any CPU.Build.0 = Release|Any CPU
		{6D09B66A-D491-4D52-8EE5-5CCFEC0A1248}.Debug|Any CPU.ActiveCfg = Debug|Any CPU
		{6D09B66A-D491-4D52-8EE5-5CCFEC0A1248}.Debug|Any CPU.Build.0 = Debug|Any CPU
		{6D09B66A-D491-4D52-8EE5-5CCFEC0A1248}.Release|Any CPU.ActiveCfg = Release|Any CPU
		{6D09B66A-D491-4D52-8EE5-5CCFEC0A1248}.Release|Any CPU.Build.0 = Release|Any CPU
	EndGlobalSection
	GlobalSection(SolutionProperties) = preSolution
		HideSolutionNode = FALSE
	EndGlobalSection
	GlobalSection(ExtensibilityGlobals) = postSolution
		SolutionGuid = {BFF4C2C0-AA05-483F-9B96-AC1A49571BE0}
	EndGlobalSection
EndGlobal
